
Microsoft Visual Studio Solution File, Format Version 12.00
# Visual Studio Version 16
VisualStudioVersion = 16.0.29519.87
MinimumVisualStudioVersion = 10.0.40219.1
Project("{9A19103F-16F7-4668-BE54-9A1E7A4F7556}") = "PhotoTags Synchronizer", "PhotoTags Synchronizer\PhotoTags Synchronizer.csproj", "{A4FCA838-02E1-4C57-B0C0-8A6734657C47}"
	ProjectSection(ProjectDependencies) = postProject
		{393CF63D-1F1D-42A6-8B44-CA1DE0CD2FDB} = {393CF63D-1F1D-42A6-8B44-CA1DE0CD2FDB}
		{FEA11D5F-8C5D-4E8A-AD82-579312F47F05} = {FEA11D5F-8C5D-4E8A-AD82-579312F47F05}
		{79C4D465-2DA8-45D3-81C7-443E210918AC} = {79C4D465-2DA8-45D3-81C7-443E210918AC}
		{A9ED9069-F924-4C67-A203-331A41039D04} = {A9ED9069-F924-4C67-A203-331A41039D04}
		{4EF8828C-3E96-4D45-A02A-90AC9F1B678A} = {4EF8828C-3E96-4D45-A02A-90AC9F1B678A}
		{A5EEA8D3-190D-4C71-9EA7-B7E3D96BBB0E} = {A5EEA8D3-190D-4C71-9EA7-B7E3D96BBB0E}
		{01EBC5E5-2262-40E1-9EE3-F69ACA4B3ECE} = {01EBC5E5-2262-40E1-9EE3-F69ACA4B3ECE}
	EndProjectSection
EndProject
Project("{9A19103F-16F7-4668-BE54-9A1E7A4F7556}") = "ImageListView", "ImageListView\ImageListView.csproj", "{0C295FB8-C6C6-4A40-9F19-05A43F353A04}"
EndProject
Project("{9A19103F-16F7-4668-BE54-9A1E7A4F7556}") = "SqlCeDatabase", "SqlCeDatabase\SqlCeDatabase.csproj", "{FEA11D5F-8C5D-4E8A-AD82-579312F47F05}"
EndProject
Project("{9A19103F-16F7-4668-BE54-9A1E7A4F7556}") = "SqlCeDatabase31", "SqlCeDatabase31\SqlCeDatabase31.csproj", "{79C4D465-2DA8-45D3-81C7-443E210918AC}"
EndProject
Project("{9A19103F-16F7-4668-BE54-9A1E7A4F7556}") = "SqlCeDatabase35", "SqlCeDatabase35\SqlCeDatabase35.csproj", "{4EF8828C-3E96-4D45-A02A-90AC9F1B678A}"
EndProject
Project("{9A19103F-16F7-4668-BE54-9A1E7A4F7556}") = "SqlCeDatabase40", "SqlCeDatabase40\SqlCeDatabase40.csproj", "{A5EEA8D3-190D-4C71-9EA7-B7E3D96BBB0E}"
EndProject
Project("{2150E333-8FDC-42A3-9474-1A3956D46DE8}") = "Solution Items", "Solution Items", "{80D535A6-BBF9-485D-A20E-7F332B35BCC4}"
	ProjectSection(SolutionItems) = preProject
		.editorconfig = .editorconfig
		README.md = README.md
	EndProjectSection
EndProject
Project("{9A19103F-16F7-4668-BE54-9A1E7A4F7556}") = "MetadataLibrary", "MetadataLibrary\MetadataLibrary.csproj", "{257D2461-60B4-4072-9A19-723A5E3239A7}"
EndProject
Project("{9A19103F-16F7-4668-BE54-9A1E7A4F7556}") = "MicrosoftPhotos", "MicrosoftPhotos\MicrosoftPhotos.csproj", "{4D997A64-C682-4E37-9444-3AFA2D51B84F}"
EndProject
Project("{9A19103F-16F7-4668-BE54-9A1E7A4F7556}") = "WindowsLivePhotoGallery", "WindowsLivePhotoGallery\WindowsLivePhotoGallery.csproj", "{B4AECD2A-19F2-4A61-96FA-C3250FD7433A}"
EndProject
Project("{9A19103F-16F7-4668-BE54-9A1E7A4F7556}") = "Exiftool", "Exiftool\Exiftool.csproj", "{B1C5C8F3-5235-44A7-A8ED-908F78FFD982}"
EndProject
Project("{9A19103F-16F7-4668-BE54-9A1E7A4F7556}") = "GoogleLocationHistory", "GoogleLocationHistory\GoogleLocationHistory.csproj", "{78EB5083-1701-4DB5-9200-893E4A9EBE9A}"
EndProject
Project("{9A19103F-16F7-4668-BE54-9A1E7A4F7556}") = "ImageAndMovieFileExtentions", "ImageAndMovieFileExtentions\ImageAndMovieFileExtentions.csproj", "{569C3820-EAFD-425C-A493-981A65AA9F4C}"
EndProject
Project("{9A19103F-16F7-4668-BE54-9A1E7A4F7556}") = "CameraOwners", "CameraOwners\CameraOwners.csproj", "{473E5009-1CDC-41CB-AB91-3F31051021DC}"
EndProject
Project("{9A19103F-16F7-4668-BE54-9A1E7A4F7556}") = "LocationNames", "LocationNames\LocationNames.csproj", "{43150053-C6AC-4262-B38C-EE9A1A8897D1}"
EndProject
Project("{9A19103F-16F7-4668-BE54-9A1E7A4F7556}") = "Thumbnails", "Thumbnails\Thumbnails.csproj", "{29E6E349-66E8-4908-A856-491BD0A4599F}"
EndProject
Project("{9A19103F-16F7-4668-BE54-9A1E7A4F7556}") = "SqliteDatabase", "SqliteDatabase\SqliteDatabase.csproj", "{C14AC62E-7B1A-471B-8660-E9C28D89F316}"
EndProject
Project("{9A19103F-16F7-4668-BE54-9A1E7A4F7556}") = "WindowsLivePhotoGalleryServer", "WindowsLivePhotoGalleryServer\WindowsLivePhotoGalleryServer.csproj", "{01EBC5E5-2262-40E1-9EE3-F69ACA4B3ECE}"
EndProject
Project("{9A19103F-16F7-4668-BE54-9A1E7A4F7556}") = "PipeMessage", "PipeMessage\PipeMessage.csproj", "{393CF63D-1F1D-42A6-8B44-CA1DE0CD2FDB}"
EndProject
Project("{9A19103F-16F7-4668-BE54-9A1E7A4F7556}") = "WindowsProperty", "WindowsProperty\WindowsProperty.csproj", "{E12BA6FC-ECEC-4B5B-94D7-315F534D7E59}"
EndProject
Project("{9A19103F-16F7-4668-BE54-9A1E7A4F7556}") = "DataGridViewGeneric", "DataGridViewGeneric\DataGridViewGeneric.csproj", "{DF953F48-CC9E-4CC3-87DE-CED1F770AEE7}"
EndProject
Project("{9A19103F-16F7-4668-BE54-9A1E7A4F7556}") = "WinProps", "WinProps\WinProps.csproj", "{A9ED9069-F924-4C67-A203-331A41039D04}"
EndProject
Project("{9A19103F-16F7-4668-BE54-9A1E7A4F7556}") = "FileDateTime", "FileDateTime\FileDateTime.csproj", "{83CA452E-ABE2-43BA-A7C3-F47954279F85}"
EndProject
Project("{9A19103F-16F7-4668-BE54-9A1E7A4F7556}") = "MetadataPriorityLibrary", "MetadataPriorityLibrary\MetadataPriorityLibrary.csproj", "{DF7B4D35-D861-4046-A9B5-FAEF6BA99A86}"
EndProject
Project("{9A19103F-16F7-4668-BE54-9A1E7A4F7556}") = "TimeZone", "TimeZone\TimeZone.csproj", "{D76D9728-D687-43FA-AF77-A724B4818944}"
EndProject
Project("{9A19103F-16F7-4668-BE54-9A1E7A4F7556}") = "DataGridViewExtended", "DataGridViewExtended\DataGridViewExtended.csproj", "{8B7BEE9F-169E-48A2-B548-7A3851D8D3C1}"
EndProject
Project("{9A19103F-16F7-4668-BE54-9A1E7A4F7556}") = "ApplicationAssociations", "ApplicationAssociations\ApplicationAssociations.csproj", "{6E91F9E5-A3FA-4029-8FFF-51C82F19EAD1}"
EndProject
Project("{9A19103F-16F7-4668-BE54-9A1E7A4F7556}") = "NHttp", "NHttp\NHttp.csproj", "{7AD9DA80-AFB9-43EA-BDF2-9B75C47DC2CC}"
EndProject
Project("{9A19103F-16F7-4668-BE54-9A1E7A4F7556}") = "GoogleCast", "GoogleCast\GoogleCast.csproj", "{812985DA-DD71-4DDD-8904-CFE5DA2C70A4}"
EndProject
Project("{9A19103F-16F7-4668-BE54-9A1E7A4F7556}") = "PhotoTagsCommonComponets", "PhotoTagsCommonComponets\PhotoTagsCommonComponets.csproj", "{E461BCC8-E354-45A4-BF24-2D68072B456F}"
EndProject
Project("{9A19103F-16F7-4668-BE54-9A1E7A4F7556}") = "docs", "docs\docs.csproj", "{9F331C5E-00B9-4328-8CE0-28510DE1334C}"
EndProject
Project("{9A19103F-16F7-4668-BE54-9A1E7A4F7556}") = "FileHandeling", "FileHandeling\FileHandeling.csproj", "{42B86C05-95B0-4277-9A77-A830504DC624}"
EndProject
Project("{9A19103F-16F7-4668-BE54-9A1E7A4F7556}") = "Krypton.Toolkit 2019", "Krypton.Toolkit\Krypton.Toolkit 2019.csproj", "{4AD8E85E-EA8D-4813-9594-9B212E2EAFCA}"
EndProject
Project("{9A19103F-16F7-4668-BE54-9A1E7A4F7556}") = "Krypton.Workspace 2019", "Krypton.Workspace\Krypton.Workspace 2019.csproj", "{C0227748-3363-43D5-8577-ADE08002F8E4}"
EndProject
Project("{9A19103F-16F7-4668-BE54-9A1E7A4F7556}") = "Krypton.Navigator 2019", "Krypton.Navigator\Krypton.Navigator 2019.csproj", "{994DF0E6-B479-4820-8BD6-D6143C81DDF7}"
EndProject
Project("{9A19103F-16F7-4668-BE54-9A1E7A4F7556}") = "Krypton.Ribbon 2019", "Krypton.Ribbon\Krypton.Ribbon 2019.csproj", "{EF5C5387-2DFC-454D-9664-AFF95CDE37C4}"
EndProject
Project("{FAE04EC0-301F-11D3-BF4B-00C04F79EFBC}") = "Raccoom.TreeViewFolderBrowser", "Raccoom.TreeViewFolderBrowser\Raccoom.TreeViewFolderBrowser.csproj", "{98E88A55-DAAC-4A09-B39A-9C0167976AD5}"
EndProject
Project("{FAE04EC0-301F-11D3-BF4B-00C04F79EFBC}") = "Raccoom.TreeViewFolderBrowser.DataProviders", "Raccoom.TreeViewFolderBrowser.DataProviders\Raccoom.TreeViewFolderBrowser.DataProviders.csproj", "{E4EAA4DA-8DE8-41E3-BAFF-B516E9789D34}"
EndProject
Global
	GlobalSection(SolutionConfigurationPlatforms) = preSolution
		Debug|Any CPU = Debug|Any CPU
		Debug|x64 = Debug|x64
		Debug|x86 = Debug|x86
		Release|Any CPU = Release|Any CPU
		Release|x64 = Release|x64
		Release|x86 = Release|x86
	EndGlobalSection
	GlobalSection(ProjectConfigurationPlatforms) = postSolution
		{A4FCA838-02E1-4C57-B0C0-8A6734657C47}.Debug|Any CPU.ActiveCfg = Debug|Any CPU
		{A4FCA838-02E1-4C57-B0C0-8A6734657C47}.Debug|Any CPU.Build.0 = Debug|Any CPU
		{A4FCA838-02E1-4C57-B0C0-8A6734657C47}.Debug|x64.ActiveCfg = Debug|x64
		{A4FCA838-02E1-4C57-B0C0-8A6734657C47}.Debug|x64.Build.0 = Debug|x64
		{A4FCA838-02E1-4C57-B0C0-8A6734657C47}.Debug|x86.ActiveCfg = Debug|x86
		{A4FCA838-02E1-4C57-B0C0-8A6734657C47}.Debug|x86.Build.0 = Debug|x86
		{A4FCA838-02E1-4C57-B0C0-8A6734657C47}.Release|Any CPU.ActiveCfg = Release|Any CPU
		{A4FCA838-02E1-4C57-B0C0-8A6734657C47}.Release|Any CPU.Build.0 = Release|Any CPU
		{A4FCA838-02E1-4C57-B0C0-8A6734657C47}.Release|x64.ActiveCfg = Release|x64
		{A4FCA838-02E1-4C57-B0C0-8A6734657C47}.Release|x64.Build.0 = Release|x64
		{A4FCA838-02E1-4C57-B0C0-8A6734657C47}.Release|x86.ActiveCfg = Release|x86
		{A4FCA838-02E1-4C57-B0C0-8A6734657C47}.Release|x86.Build.0 = Release|x86
		{0C295FB8-C6C6-4A40-9F19-05A43F353A04}.Debug|Any CPU.ActiveCfg = Debug|Any CPU
		{0C295FB8-C6C6-4A40-9F19-05A43F353A04}.Debug|Any CPU.Build.0 = Debug|Any CPU
		{0C295FB8-C6C6-4A40-9F19-05A43F353A04}.Debug|x64.ActiveCfg = Debug|x64
		{0C295FB8-C6C6-4A40-9F19-05A43F353A04}.Debug|x64.Build.0 = Debug|x64
		{0C295FB8-C6C6-4A40-9F19-05A43F353A04}.Debug|x86.ActiveCfg = Debug|x86
		{0C295FB8-C6C6-4A40-9F19-05A43F353A04}.Debug|x86.Build.0 = Debug|x86
		{0C295FB8-C6C6-4A40-9F19-05A43F353A04}.Release|Any CPU.ActiveCfg = Release|Any CPU
		{0C295FB8-C6C6-4A40-9F19-05A43F353A04}.Release|Any CPU.Build.0 = Release|Any CPU
		{0C295FB8-C6C6-4A40-9F19-05A43F353A04}.Release|x64.ActiveCfg = Release|x64
		{0C295FB8-C6C6-4A40-9F19-05A43F353A04}.Release|x64.Build.0 = Release|x64
		{0C295FB8-C6C6-4A40-9F19-05A43F353A04}.Release|x86.ActiveCfg = Release|x86
		{0C295FB8-C6C6-4A40-9F19-05A43F353A04}.Release|x86.Build.0 = Release|x86
		{FEA11D5F-8C5D-4E8A-AD82-579312F47F05}.Debug|Any CPU.ActiveCfg = Debug|Any CPU
		{FEA11D5F-8C5D-4E8A-AD82-579312F47F05}.Debug|Any CPU.Build.0 = Debug|Any CPU
		{FEA11D5F-8C5D-4E8A-AD82-579312F47F05}.Debug|x64.ActiveCfg = Debug|x64
		{FEA11D5F-8C5D-4E8A-AD82-579312F47F05}.Debug|x64.Build.0 = Debug|x64
		{FEA11D5F-8C5D-4E8A-AD82-579312F47F05}.Debug|x86.ActiveCfg = Debug|x86
		{FEA11D5F-8C5D-4E8A-AD82-579312F47F05}.Debug|x86.Build.0 = Debug|x86
		{FEA11D5F-8C5D-4E8A-AD82-579312F47F05}.Release|Any CPU.ActiveCfg = Release|Any CPU
		{FEA11D5F-8C5D-4E8A-AD82-579312F47F05}.Release|Any CPU.Build.0 = Release|Any CPU
		{FEA11D5F-8C5D-4E8A-AD82-579312F47F05}.Release|x64.ActiveCfg = Release|x64
		{FEA11D5F-8C5D-4E8A-AD82-579312F47F05}.Release|x64.Build.0 = Release|x64
		{FEA11D5F-8C5D-4E8A-AD82-579312F47F05}.Release|x86.ActiveCfg = Release|x86
		{FEA11D5F-8C5D-4E8A-AD82-579312F47F05}.Release|x86.Build.0 = Release|x86
		{79C4D465-2DA8-45D3-81C7-443E210918AC}.Debug|Any CPU.ActiveCfg = Debug|Any CPU
		{79C4D465-2DA8-45D3-81C7-443E210918AC}.Debug|Any CPU.Build.0 = Debug|Any CPU
		{79C4D465-2DA8-45D3-81C7-443E210918AC}.Debug|x64.ActiveCfg = Debug|x64
		{79C4D465-2DA8-45D3-81C7-443E210918AC}.Debug|x64.Build.0 = Debug|x64
		{79C4D465-2DA8-45D3-81C7-443E210918AC}.Debug|x86.ActiveCfg = Debug|x86
		{79C4D465-2DA8-45D3-81C7-443E210918AC}.Debug|x86.Build.0 = Debug|x86
		{79C4D465-2DA8-45D3-81C7-443E210918AC}.Release|Any CPU.ActiveCfg = Release|Any CPU
		{79C4D465-2DA8-45D3-81C7-443E210918AC}.Release|Any CPU.Build.0 = Release|Any CPU
		{79C4D465-2DA8-45D3-81C7-443E210918AC}.Release|x64.ActiveCfg = Release|x64
		{79C4D465-2DA8-45D3-81C7-443E210918AC}.Release|x64.Build.0 = Release|x64
		{79C4D465-2DA8-45D3-81C7-443E210918AC}.Release|x86.ActiveCfg = Release|x86
		{79C4D465-2DA8-45D3-81C7-443E210918AC}.Release|x86.Build.0 = Release|x86
		{4EF8828C-3E96-4D45-A02A-90AC9F1B678A}.Debug|Any CPU.ActiveCfg = Debug|Any CPU
		{4EF8828C-3E96-4D45-A02A-90AC9F1B678A}.Debug|Any CPU.Build.0 = Debug|Any CPU
		{4EF8828C-3E96-4D45-A02A-90AC9F1B678A}.Debug|x64.ActiveCfg = Debug|x64
		{4EF8828C-3E96-4D45-A02A-90AC9F1B678A}.Debug|x64.Build.0 = Debug|x64
		{4EF8828C-3E96-4D45-A02A-90AC9F1B678A}.Debug|x86.ActiveCfg = Debug|x86
		{4EF8828C-3E96-4D45-A02A-90AC9F1B678A}.Debug|x86.Build.0 = Debug|x86
		{4EF8828C-3E96-4D45-A02A-90AC9F1B678A}.Release|Any CPU.ActiveCfg = Release|Any CPU
		{4EF8828C-3E96-4D45-A02A-90AC9F1B678A}.Release|Any CPU.Build.0 = Release|Any CPU
		{4EF8828C-3E96-4D45-A02A-90AC9F1B678A}.Release|x64.ActiveCfg = Release|x64
		{4EF8828C-3E96-4D45-A02A-90AC9F1B678A}.Release|x64.Build.0 = Release|x64
		{4EF8828C-3E96-4D45-A02A-90AC9F1B678A}.Release|x86.ActiveCfg = Release|x86
		{4EF8828C-3E96-4D45-A02A-90AC9F1B678A}.Release|x86.Build.0 = Release|x86
		{A5EEA8D3-190D-4C71-9EA7-B7E3D96BBB0E}.Debug|Any CPU.ActiveCfg = Debug|Any CPU
		{A5EEA8D3-190D-4C71-9EA7-B7E3D96BBB0E}.Debug|Any CPU.Build.0 = Debug|Any CPU
		{A5EEA8D3-190D-4C71-9EA7-B7E3D96BBB0E}.Debug|x64.ActiveCfg = Debug|x64
		{A5EEA8D3-190D-4C71-9EA7-B7E3D96BBB0E}.Debug|x64.Build.0 = Debug|x64
		{A5EEA8D3-190D-4C71-9EA7-B7E3D96BBB0E}.Debug|x86.ActiveCfg = Debug|x86
		{A5EEA8D3-190D-4C71-9EA7-B7E3D96BBB0E}.Debug|x86.Build.0 = Debug|x86
		{A5EEA8D3-190D-4C71-9EA7-B7E3D96BBB0E}.Release|Any CPU.ActiveCfg = Release|Any CPU
		{A5EEA8D3-190D-4C71-9EA7-B7E3D96BBB0E}.Release|Any CPU.Build.0 = Release|Any CPU
		{A5EEA8D3-190D-4C71-9EA7-B7E3D96BBB0E}.Release|x64.ActiveCfg = Release|x64
		{A5EEA8D3-190D-4C71-9EA7-B7E3D96BBB0E}.Release|x64.Build.0 = Release|x64
		{A5EEA8D3-190D-4C71-9EA7-B7E3D96BBB0E}.Release|x86.ActiveCfg = Release|x86
		{A5EEA8D3-190D-4C71-9EA7-B7E3D96BBB0E}.Release|x86.Build.0 = Release|x86
		{257D2461-60B4-4072-9A19-723A5E3239A7}.Debug|Any CPU.ActiveCfg = Debug|Any CPU
		{257D2461-60B4-4072-9A19-723A5E3239A7}.Debug|Any CPU.Build.0 = Debug|Any CPU
		{257D2461-60B4-4072-9A19-723A5E3239A7}.Debug|x64.ActiveCfg = Debug|x64
		{257D2461-60B4-4072-9A19-723A5E3239A7}.Debug|x64.Build.0 = Debug|x64
		{257D2461-60B4-4072-9A19-723A5E3239A7}.Debug|x86.ActiveCfg = Debug|x86
		{257D2461-60B4-4072-9A19-723A5E3239A7}.Debug|x86.Build.0 = Debug|x86
		{257D2461-60B4-4072-9A19-723A5E3239A7}.Release|Any CPU.ActiveCfg = Release|Any CPU
		{257D2461-60B4-4072-9A19-723A5E3239A7}.Release|Any CPU.Build.0 = Release|Any CPU
		{257D2461-60B4-4072-9A19-723A5E3239A7}.Release|x64.ActiveCfg = Release|x64
		{257D2461-60B4-4072-9A19-723A5E3239A7}.Release|x64.Build.0 = Release|x64
		{257D2461-60B4-4072-9A19-723A5E3239A7}.Release|x86.ActiveCfg = Release|x86
		{257D2461-60B4-4072-9A19-723A5E3239A7}.Release|x86.Build.0 = Release|x86
		{4D997A64-C682-4E37-9444-3AFA2D51B84F}.Debug|Any CPU.ActiveCfg = Debug|Any CPU
		{4D997A64-C682-4E37-9444-3AFA2D51B84F}.Debug|Any CPU.Build.0 = Debug|Any CPU
		{4D997A64-C682-4E37-9444-3AFA2D51B84F}.Debug|x64.ActiveCfg = Debug|x64
		{4D997A64-C682-4E37-9444-3AFA2D51B84F}.Debug|x64.Build.0 = Debug|x64
		{4D997A64-C682-4E37-9444-3AFA2D51B84F}.Debug|x86.ActiveCfg = Debug|x86
		{4D997A64-C682-4E37-9444-3AFA2D51B84F}.Debug|x86.Build.0 = Debug|x86
		{4D997A64-C682-4E37-9444-3AFA2D51B84F}.Release|Any CPU.ActiveCfg = Release|Any CPU
		{4D997A64-C682-4E37-9444-3AFA2D51B84F}.Release|Any CPU.Build.0 = Release|Any CPU
		{4D997A64-C682-4E37-9444-3AFA2D51B84F}.Release|x64.ActiveCfg = Release|x64
		{4D997A64-C682-4E37-9444-3AFA2D51B84F}.Release|x64.Build.0 = Release|x64
		{4D997A64-C682-4E37-9444-3AFA2D51B84F}.Release|x86.ActiveCfg = Release|x86
		{4D997A64-C682-4E37-9444-3AFA2D51B84F}.Release|x86.Build.0 = Release|x86
		{B4AECD2A-19F2-4A61-96FA-C3250FD7433A}.Debug|Any CPU.ActiveCfg = Debug|Any CPU
		{B4AECD2A-19F2-4A61-96FA-C3250FD7433A}.Debug|Any CPU.Build.0 = Debug|Any CPU
		{B4AECD2A-19F2-4A61-96FA-C3250FD7433A}.Debug|x64.ActiveCfg = Debug|x64
		{B4AECD2A-19F2-4A61-96FA-C3250FD7433A}.Debug|x64.Build.0 = Debug|x64
		{B4AECD2A-19F2-4A61-96FA-C3250FD7433A}.Debug|x86.ActiveCfg = Debug|x86
		{B4AECD2A-19F2-4A61-96FA-C3250FD7433A}.Debug|x86.Build.0 = Debug|x86
		{B4AECD2A-19F2-4A61-96FA-C3250FD7433A}.Release|Any CPU.ActiveCfg = Release|Any CPU
		{B4AECD2A-19F2-4A61-96FA-C3250FD7433A}.Release|Any CPU.Build.0 = Release|Any CPU
		{B4AECD2A-19F2-4A61-96FA-C3250FD7433A}.Release|x64.ActiveCfg = Release|x64
		{B4AECD2A-19F2-4A61-96FA-C3250FD7433A}.Release|x64.Build.0 = Release|x64
		{B4AECD2A-19F2-4A61-96FA-C3250FD7433A}.Release|x86.ActiveCfg = Release|x86
		{B4AECD2A-19F2-4A61-96FA-C3250FD7433A}.Release|x86.Build.0 = Release|x86
		{B1C5C8F3-5235-44A7-A8ED-908F78FFD982}.Debug|Any CPU.ActiveCfg = Debug|Any CPU
		{B1C5C8F3-5235-44A7-A8ED-908F78FFD982}.Debug|Any CPU.Build.0 = Debug|Any CPU
		{B1C5C8F3-5235-44A7-A8ED-908F78FFD982}.Debug|x64.ActiveCfg = Debug|x64
		{B1C5C8F3-5235-44A7-A8ED-908F78FFD982}.Debug|x64.Build.0 = Debug|x64
		{B1C5C8F3-5235-44A7-A8ED-908F78FFD982}.Debug|x86.ActiveCfg = Debug|x86
		{B1C5C8F3-5235-44A7-A8ED-908F78FFD982}.Debug|x86.Build.0 = Debug|x86
		{B1C5C8F3-5235-44A7-A8ED-908F78FFD982}.Release|Any CPU.ActiveCfg = Release|Any CPU
		{B1C5C8F3-5235-44A7-A8ED-908F78FFD982}.Release|Any CPU.Build.0 = Release|Any CPU
		{B1C5C8F3-5235-44A7-A8ED-908F78FFD982}.Release|x64.ActiveCfg = Release|x64
		{B1C5C8F3-5235-44A7-A8ED-908F78FFD982}.Release|x64.Build.0 = Release|x64
		{B1C5C8F3-5235-44A7-A8ED-908F78FFD982}.Release|x86.ActiveCfg = Release|x86
		{B1C5C8F3-5235-44A7-A8ED-908F78FFD982}.Release|x86.Build.0 = Release|x86
		{78EB5083-1701-4DB5-9200-893E4A9EBE9A}.Debug|Any CPU.ActiveCfg = Debug|Any CPU
		{78EB5083-1701-4DB5-9200-893E4A9EBE9A}.Debug|Any CPU.Build.0 = Debug|Any CPU
		{78EB5083-1701-4DB5-9200-893E4A9EBE9A}.Debug|x64.ActiveCfg = Debug|x64
		{78EB5083-1701-4DB5-9200-893E4A9EBE9A}.Debug|x64.Build.0 = Debug|x64
		{78EB5083-1701-4DB5-9200-893E4A9EBE9A}.Debug|x86.ActiveCfg = Debug|x86
		{78EB5083-1701-4DB5-9200-893E4A9EBE9A}.Debug|x86.Build.0 = Debug|x86
		{78EB5083-1701-4DB5-9200-893E4A9EBE9A}.Release|Any CPU.ActiveCfg = Release|Any CPU
		{78EB5083-1701-4DB5-9200-893E4A9EBE9A}.Release|Any CPU.Build.0 = Release|Any CPU
		{78EB5083-1701-4DB5-9200-893E4A9EBE9A}.Release|x64.ActiveCfg = Release|x64
		{78EB5083-1701-4DB5-9200-893E4A9EBE9A}.Release|x64.Build.0 = Release|x64
		{78EB5083-1701-4DB5-9200-893E4A9EBE9A}.Release|x86.ActiveCfg = Release|x86
		{78EB5083-1701-4DB5-9200-893E4A9EBE9A}.Release|x86.Build.0 = Release|x86
		{569C3820-EAFD-425C-A493-981A65AA9F4C}.Debug|Any CPU.ActiveCfg = Debug|Any CPU
		{569C3820-EAFD-425C-A493-981A65AA9F4C}.Debug|Any CPU.Build.0 = Debug|Any CPU
		{569C3820-EAFD-425C-A493-981A65AA9F4C}.Debug|x64.ActiveCfg = Debug|x64
		{569C3820-EAFD-425C-A493-981A65AA9F4C}.Debug|x64.Build.0 = Debug|x64
		{569C3820-EAFD-425C-A493-981A65AA9F4C}.Debug|x86.ActiveCfg = Debug|x86
		{569C3820-EAFD-425C-A493-981A65AA9F4C}.Debug|x86.Build.0 = Debug|x86
		{569C3820-EAFD-425C-A493-981A65AA9F4C}.Release|Any CPU.ActiveCfg = Release|Any CPU
		{569C3820-EAFD-425C-A493-981A65AA9F4C}.Release|Any CPU.Build.0 = Release|Any CPU
		{569C3820-EAFD-425C-A493-981A65AA9F4C}.Release|x64.ActiveCfg = Release|x64
		{569C3820-EAFD-425C-A493-981A65AA9F4C}.Release|x64.Build.0 = Release|x64
		{569C3820-EAFD-425C-A493-981A65AA9F4C}.Release|x86.ActiveCfg = Release|x86
		{569C3820-EAFD-425C-A493-981A65AA9F4C}.Release|x86.Build.0 = Release|x86
		{473E5009-1CDC-41CB-AB91-3F31051021DC}.Debug|Any CPU.ActiveCfg = Debug|Any CPU
		{473E5009-1CDC-41CB-AB91-3F31051021DC}.Debug|Any CPU.Build.0 = Debug|Any CPU
		{473E5009-1CDC-41CB-AB91-3F31051021DC}.Debug|x64.ActiveCfg = Debug|x64
		{473E5009-1CDC-41CB-AB91-3F31051021DC}.Debug|x64.Build.0 = Debug|x64
		{473E5009-1CDC-41CB-AB91-3F31051021DC}.Debug|x86.ActiveCfg = Debug|x86
		{473E5009-1CDC-41CB-AB91-3F31051021DC}.Debug|x86.Build.0 = Debug|x86
		{473E5009-1CDC-41CB-AB91-3F31051021DC}.Release|Any CPU.ActiveCfg = Release|Any CPU
		{473E5009-1CDC-41CB-AB91-3F31051021DC}.Release|Any CPU.Build.0 = Release|Any CPU
		{473E5009-1CDC-41CB-AB91-3F31051021DC}.Release|x64.ActiveCfg = Release|x64
		{473E5009-1CDC-41CB-AB91-3F31051021DC}.Release|x64.Build.0 = Release|x64
		{473E5009-1CDC-41CB-AB91-3F31051021DC}.Release|x86.ActiveCfg = Release|x86
		{473E5009-1CDC-41CB-AB91-3F31051021DC}.Release|x86.Build.0 = Release|x86
		{43150053-C6AC-4262-B38C-EE9A1A8897D1}.Debug|Any CPU.ActiveCfg = Debug|Any CPU
		{43150053-C6AC-4262-B38C-EE9A1A8897D1}.Debug|Any CPU.Build.0 = Debug|Any CPU
		{43150053-C6AC-4262-B38C-EE9A1A8897D1}.Debug|x64.ActiveCfg = Debug|x64
		{43150053-C6AC-4262-B38C-EE9A1A8897D1}.Debug|x64.Build.0 = Debug|x64
		{43150053-C6AC-4262-B38C-EE9A1A8897D1}.Debug|x86.ActiveCfg = Debug|x86
		{43150053-C6AC-4262-B38C-EE9A1A8897D1}.Debug|x86.Build.0 = Debug|x86
		{43150053-C6AC-4262-B38C-EE9A1A8897D1}.Release|Any CPU.ActiveCfg = Release|Any CPU
		{43150053-C6AC-4262-B38C-EE9A1A8897D1}.Release|Any CPU.Build.0 = Release|Any CPU
		{43150053-C6AC-4262-B38C-EE9A1A8897D1}.Release|x64.ActiveCfg = Release|x64
		{43150053-C6AC-4262-B38C-EE9A1A8897D1}.Release|x64.Build.0 = Release|x64
		{43150053-C6AC-4262-B38C-EE9A1A8897D1}.Release|x86.ActiveCfg = Release|x86
		{43150053-C6AC-4262-B38C-EE9A1A8897D1}.Release|x86.Build.0 = Release|x86
		{29E6E349-66E8-4908-A856-491BD0A4599F}.Debug|Any CPU.ActiveCfg = Debug|Any CPU
		{29E6E349-66E8-4908-A856-491BD0A4599F}.Debug|Any CPU.Build.0 = Debug|Any CPU
		{29E6E349-66E8-4908-A856-491BD0A4599F}.Debug|x64.ActiveCfg = Debug|x64
		{29E6E349-66E8-4908-A856-491BD0A4599F}.Debug|x64.Build.0 = Debug|x64
		{29E6E349-66E8-4908-A856-491BD0A4599F}.Debug|x86.ActiveCfg = Debug|x86
		{29E6E349-66E8-4908-A856-491BD0A4599F}.Debug|x86.Build.0 = Debug|x86
		{29E6E349-66E8-4908-A856-491BD0A4599F}.Release|Any CPU.ActiveCfg = Release|Any CPU
		{29E6E349-66E8-4908-A856-491BD0A4599F}.Release|Any CPU.Build.0 = Release|Any CPU
		{29E6E349-66E8-4908-A856-491BD0A4599F}.Release|x64.ActiveCfg = Release|x64
		{29E6E349-66E8-4908-A856-491BD0A4599F}.Release|x64.Build.0 = Release|x64
		{29E6E349-66E8-4908-A856-491BD0A4599F}.Release|x86.ActiveCfg = Release|x86
		{29E6E349-66E8-4908-A856-491BD0A4599F}.Release|x86.Build.0 = Release|x86
		{C14AC62E-7B1A-471B-8660-E9C28D89F316}.Debug|Any CPU.ActiveCfg = Debug|Any CPU
		{C14AC62E-7B1A-471B-8660-E9C28D89F316}.Debug|Any CPU.Build.0 = Debug|Any CPU
		{C14AC62E-7B1A-471B-8660-E9C28D89F316}.Debug|x64.ActiveCfg = Debug|x64
		{C14AC62E-7B1A-471B-8660-E9C28D89F316}.Debug|x64.Build.0 = Debug|x64
		{C14AC62E-7B1A-471B-8660-E9C28D89F316}.Debug|x86.ActiveCfg = Debug|x86
		{C14AC62E-7B1A-471B-8660-E9C28D89F316}.Debug|x86.Build.0 = Debug|x86
		{C14AC62E-7B1A-471B-8660-E9C28D89F316}.Release|Any CPU.ActiveCfg = Release|Any CPU
		{C14AC62E-7B1A-471B-8660-E9C28D89F316}.Release|Any CPU.Build.0 = Release|Any CPU
		{C14AC62E-7B1A-471B-8660-E9C28D89F316}.Release|x64.ActiveCfg = Release|x64
		{C14AC62E-7B1A-471B-8660-E9C28D89F316}.Release|x64.Build.0 = Release|x64
		{C14AC62E-7B1A-471B-8660-E9C28D89F316}.Release|x86.ActiveCfg = Release|x86
		{C14AC62E-7B1A-471B-8660-E9C28D89F316}.Release|x86.Build.0 = Release|x86
		{01EBC5E5-2262-40E1-9EE3-F69ACA4B3ECE}.Debug|Any CPU.ActiveCfg = Debug|Any CPU
		{01EBC5E5-2262-40E1-9EE3-F69ACA4B3ECE}.Debug|Any CPU.Build.0 = Debug|Any CPU
		{01EBC5E5-2262-40E1-9EE3-F69ACA4B3ECE}.Debug|x64.ActiveCfg = Debug|x64
		{01EBC5E5-2262-40E1-9EE3-F69ACA4B3ECE}.Debug|x64.Build.0 = Debug|x64
		{01EBC5E5-2262-40E1-9EE3-F69ACA4B3ECE}.Debug|x86.ActiveCfg = Debug|x86
		{01EBC5E5-2262-40E1-9EE3-F69ACA4B3ECE}.Debug|x86.Build.0 = Debug|x86
		{01EBC5E5-2262-40E1-9EE3-F69ACA4B3ECE}.Release|Any CPU.ActiveCfg = Release|Any CPU
		{01EBC5E5-2262-40E1-9EE3-F69ACA4B3ECE}.Release|Any CPU.Build.0 = Release|Any CPU
		{01EBC5E5-2262-40E1-9EE3-F69ACA4B3ECE}.Release|x64.ActiveCfg = Release|x64
		{01EBC5E5-2262-40E1-9EE3-F69ACA4B3ECE}.Release|x64.Build.0 = Release|x64
		{01EBC5E5-2262-40E1-9EE3-F69ACA4B3ECE}.Release|x86.ActiveCfg = Release|x86
		{01EBC5E5-2262-40E1-9EE3-F69ACA4B3ECE}.Release|x86.Build.0 = Release|x86
		{393CF63D-1F1D-42A6-8B44-CA1DE0CD2FDB}.Debug|Any CPU.ActiveCfg = Debug|Any CPU
		{393CF63D-1F1D-42A6-8B44-CA1DE0CD2FDB}.Debug|Any CPU.Build.0 = Debug|Any CPU
		{393CF63D-1F1D-42A6-8B44-CA1DE0CD2FDB}.Debug|x64.ActiveCfg = Debug|x64
		{393CF63D-1F1D-42A6-8B44-CA1DE0CD2FDB}.Debug|x64.Build.0 = Debug|x64
		{393CF63D-1F1D-42A6-8B44-CA1DE0CD2FDB}.Debug|x86.ActiveCfg = Debug|x86
		{393CF63D-1F1D-42A6-8B44-CA1DE0CD2FDB}.Debug|x86.Build.0 = Debug|x86
		{393CF63D-1F1D-42A6-8B44-CA1DE0CD2FDB}.Release|Any CPU.ActiveCfg = Release|Any CPU
		{393CF63D-1F1D-42A6-8B44-CA1DE0CD2FDB}.Release|Any CPU.Build.0 = Release|Any CPU
		{393CF63D-1F1D-42A6-8B44-CA1DE0CD2FDB}.Release|x64.ActiveCfg = Release|x64
		{393CF63D-1F1D-42A6-8B44-CA1DE0CD2FDB}.Release|x64.Build.0 = Release|x64
		{393CF63D-1F1D-42A6-8B44-CA1DE0CD2FDB}.Release|x86.ActiveCfg = Release|x86
		{393CF63D-1F1D-42A6-8B44-CA1DE0CD2FDB}.Release|x86.Build.0 = Release|x86
		{E12BA6FC-ECEC-4B5B-94D7-315F534D7E59}.Debug|Any CPU.ActiveCfg = Debug|Any CPU
		{E12BA6FC-ECEC-4B5B-94D7-315F534D7E59}.Debug|Any CPU.Build.0 = Debug|Any CPU
		{E12BA6FC-ECEC-4B5B-94D7-315F534D7E59}.Debug|x64.ActiveCfg = Debug|x64
		{E12BA6FC-ECEC-4B5B-94D7-315F534D7E59}.Debug|x64.Build.0 = Debug|x64
		{E12BA6FC-ECEC-4B5B-94D7-315F534D7E59}.Debug|x86.ActiveCfg = Debug|x86
		{E12BA6FC-ECEC-4B5B-94D7-315F534D7E59}.Debug|x86.Build.0 = Debug|x86
		{E12BA6FC-ECEC-4B5B-94D7-315F534D7E59}.Release|Any CPU.ActiveCfg = Release|Any CPU
		{E12BA6FC-ECEC-4B5B-94D7-315F534D7E59}.Release|Any CPU.Build.0 = Release|Any CPU
		{E12BA6FC-ECEC-4B5B-94D7-315F534D7E59}.Release|x64.ActiveCfg = Release|x64
		{E12BA6FC-ECEC-4B5B-94D7-315F534D7E59}.Release|x64.Build.0 = Release|x64
		{E12BA6FC-ECEC-4B5B-94D7-315F534D7E59}.Release|x86.ActiveCfg = Release|x86
		{E12BA6FC-ECEC-4B5B-94D7-315F534D7E59}.Release|x86.Build.0 = Release|x86
		{DF953F48-CC9E-4CC3-87DE-CED1F770AEE7}.Debug|Any CPU.ActiveCfg = Debug|Any CPU
		{DF953F48-CC9E-4CC3-87DE-CED1F770AEE7}.Debug|Any CPU.Build.0 = Debug|Any CPU
		{DF953F48-CC9E-4CC3-87DE-CED1F770AEE7}.Debug|x64.ActiveCfg = Debug|x64
		{DF953F48-CC9E-4CC3-87DE-CED1F770AEE7}.Debug|x64.Build.0 = Debug|x64
		{DF953F48-CC9E-4CC3-87DE-CED1F770AEE7}.Debug|x86.ActiveCfg = Debug|x86
		{DF953F48-CC9E-4CC3-87DE-CED1F770AEE7}.Debug|x86.Build.0 = Debug|x86
		{DF953F48-CC9E-4CC3-87DE-CED1F770AEE7}.Release|Any CPU.ActiveCfg = Release|Any CPU
		{DF953F48-CC9E-4CC3-87DE-CED1F770AEE7}.Release|Any CPU.Build.0 = Release|Any CPU
		{DF953F48-CC9E-4CC3-87DE-CED1F770AEE7}.Release|x64.ActiveCfg = Release|x64
		{DF953F48-CC9E-4CC3-87DE-CED1F770AEE7}.Release|x64.Build.0 = Release|x64
		{DF953F48-CC9E-4CC3-87DE-CED1F770AEE7}.Release|x86.ActiveCfg = Release|x86
		{DF953F48-CC9E-4CC3-87DE-CED1F770AEE7}.Release|x86.Build.0 = Release|x86
		{A9ED9069-F924-4C67-A203-331A41039D04}.Debug|Any CPU.ActiveCfg = Debug|Any CPU
		{A9ED9069-F924-4C67-A203-331A41039D04}.Debug|Any CPU.Build.0 = Debug|Any CPU
		{A9ED9069-F924-4C67-A203-331A41039D04}.Debug|x64.ActiveCfg = Debug|x64
		{A9ED9069-F924-4C67-A203-331A41039D04}.Debug|x64.Build.0 = Debug|x64
		{A9ED9069-F924-4C67-A203-331A41039D04}.Debug|x86.ActiveCfg = Debug|x86
		{A9ED9069-F924-4C67-A203-331A41039D04}.Debug|x86.Build.0 = Debug|x86
		{A9ED9069-F924-4C67-A203-331A41039D04}.Release|Any CPU.ActiveCfg = Release|Any CPU
		{A9ED9069-F924-4C67-A203-331A41039D04}.Release|Any CPU.Build.0 = Release|Any CPU
		{A9ED9069-F924-4C67-A203-331A41039D04}.Release|x64.ActiveCfg = Release|x64
		{A9ED9069-F924-4C67-A203-331A41039D04}.Release|x64.Build.0 = Release|x64
		{A9ED9069-F924-4C67-A203-331A41039D04}.Release|x86.ActiveCfg = Release|x86
		{A9ED9069-F924-4C67-A203-331A41039D04}.Release|x86.Build.0 = Release|x86
		{83CA452E-ABE2-43BA-A7C3-F47954279F85}.Debug|Any CPU.ActiveCfg = Debug|Any CPU
		{83CA452E-ABE2-43BA-A7C3-F47954279F85}.Debug|Any CPU.Build.0 = Debug|Any CPU
		{83CA452E-ABE2-43BA-A7C3-F47954279F85}.Debug|x64.ActiveCfg = Debug|x64
		{83CA452E-ABE2-43BA-A7C3-F47954279F85}.Debug|x64.Build.0 = Debug|x64
		{83CA452E-ABE2-43BA-A7C3-F47954279F85}.Debug|x86.ActiveCfg = Debug|x86
		{83CA452E-ABE2-43BA-A7C3-F47954279F85}.Debug|x86.Build.0 = Debug|x86
		{83CA452E-ABE2-43BA-A7C3-F47954279F85}.Release|Any CPU.ActiveCfg = Release|Any CPU
		{83CA452E-ABE2-43BA-A7C3-F47954279F85}.Release|Any CPU.Build.0 = Release|Any CPU
		{83CA452E-ABE2-43BA-A7C3-F47954279F85}.Release|x64.ActiveCfg = Release|x64
		{83CA452E-ABE2-43BA-A7C3-F47954279F85}.Release|x64.Build.0 = Release|x64
		{83CA452E-ABE2-43BA-A7C3-F47954279F85}.Release|x86.ActiveCfg = Release|x86
		{83CA452E-ABE2-43BA-A7C3-F47954279F85}.Release|x86.Build.0 = Release|x86
		{DF7B4D35-D861-4046-A9B5-FAEF6BA99A86}.Debug|Any CPU.ActiveCfg = Debug|Any CPU
		{DF7B4D35-D861-4046-A9B5-FAEF6BA99A86}.Debug|Any CPU.Build.0 = Debug|Any CPU
		{DF7B4D35-D861-4046-A9B5-FAEF6BA99A86}.Debug|x64.ActiveCfg = Debug|x64
		{DF7B4D35-D861-4046-A9B5-FAEF6BA99A86}.Debug|x64.Build.0 = Debug|x64
		{DF7B4D35-D861-4046-A9B5-FAEF6BA99A86}.Debug|x86.ActiveCfg = Debug|x86
		{DF7B4D35-D861-4046-A9B5-FAEF6BA99A86}.Debug|x86.Build.0 = Debug|x86
		{DF7B4D35-D861-4046-A9B5-FAEF6BA99A86}.Release|Any CPU.ActiveCfg = Release|Any CPU
		{DF7B4D35-D861-4046-A9B5-FAEF6BA99A86}.Release|Any CPU.Build.0 = Release|Any CPU
		{DF7B4D35-D861-4046-A9B5-FAEF6BA99A86}.Release|x64.ActiveCfg = Release|x64
		{DF7B4D35-D861-4046-A9B5-FAEF6BA99A86}.Release|x64.Build.0 = Release|x64
		{DF7B4D35-D861-4046-A9B5-FAEF6BA99A86}.Release|x86.ActiveCfg = Release|x86
		{DF7B4D35-D861-4046-A9B5-FAEF6BA99A86}.Release|x86.Build.0 = Release|x86
		{D76D9728-D687-43FA-AF77-A724B4818944}.Debug|Any CPU.ActiveCfg = Debug|Any CPU
		{D76D9728-D687-43FA-AF77-A724B4818944}.Debug|Any CPU.Build.0 = Debug|Any CPU
		{D76D9728-D687-43FA-AF77-A724B4818944}.Debug|x64.ActiveCfg = Debug|x64
		{D76D9728-D687-43FA-AF77-A724B4818944}.Debug|x64.Build.0 = Debug|x64
		{D76D9728-D687-43FA-AF77-A724B4818944}.Debug|x86.ActiveCfg = Debug|x86
		{D76D9728-D687-43FA-AF77-A724B4818944}.Debug|x86.Build.0 = Debug|x86
		{D76D9728-D687-43FA-AF77-A724B4818944}.Release|Any CPU.ActiveCfg = Release|Any CPU
		{D76D9728-D687-43FA-AF77-A724B4818944}.Release|Any CPU.Build.0 = Release|Any CPU
		{D76D9728-D687-43FA-AF77-A724B4818944}.Release|x64.ActiveCfg = Release|x64
		{D76D9728-D687-43FA-AF77-A724B4818944}.Release|x64.Build.0 = Release|x64
		{D76D9728-D687-43FA-AF77-A724B4818944}.Release|x86.ActiveCfg = Release|x86
		{D76D9728-D687-43FA-AF77-A724B4818944}.Release|x86.Build.0 = Release|x86
		{8B7BEE9F-169E-48A2-B548-7A3851D8D3C1}.Debug|Any CPU.ActiveCfg = Debug|Any CPU
		{8B7BEE9F-169E-48A2-B548-7A3851D8D3C1}.Debug|Any CPU.Build.0 = Debug|Any CPU
		{8B7BEE9F-169E-48A2-B548-7A3851D8D3C1}.Debug|x64.ActiveCfg = Debug|x64
		{8B7BEE9F-169E-48A2-B548-7A3851D8D3C1}.Debug|x64.Build.0 = Debug|x64
		{8B7BEE9F-169E-48A2-B548-7A3851D8D3C1}.Debug|x86.ActiveCfg = Debug|x86
		{8B7BEE9F-169E-48A2-B548-7A3851D8D3C1}.Debug|x86.Build.0 = Debug|x86
		{8B7BEE9F-169E-48A2-B548-7A3851D8D3C1}.Release|Any CPU.ActiveCfg = Release|Any CPU
		{8B7BEE9F-169E-48A2-B548-7A3851D8D3C1}.Release|Any CPU.Build.0 = Release|Any CPU
		{8B7BEE9F-169E-48A2-B548-7A3851D8D3C1}.Release|x64.ActiveCfg = Release|x64
		{8B7BEE9F-169E-48A2-B548-7A3851D8D3C1}.Release|x64.Build.0 = Release|x64
		{8B7BEE9F-169E-48A2-B548-7A3851D8D3C1}.Release|x86.ActiveCfg = Release|x86
		{8B7BEE9F-169E-48A2-B548-7A3851D8D3C1}.Release|x86.Build.0 = Release|x86
		{6E91F9E5-A3FA-4029-8FFF-51C82F19EAD1}.Debug|Any CPU.ActiveCfg = Debug|Any CPU
		{6E91F9E5-A3FA-4029-8FFF-51C82F19EAD1}.Debug|Any CPU.Build.0 = Debug|Any CPU
		{6E91F9E5-A3FA-4029-8FFF-51C82F19EAD1}.Debug|x64.ActiveCfg = Debug|x64
		{6E91F9E5-A3FA-4029-8FFF-51C82F19EAD1}.Debug|x64.Build.0 = Debug|x64
		{6E91F9E5-A3FA-4029-8FFF-51C82F19EAD1}.Debug|x86.ActiveCfg = Debug|x86
		{6E91F9E5-A3FA-4029-8FFF-51C82F19EAD1}.Debug|x86.Build.0 = Debug|x86
		{6E91F9E5-A3FA-4029-8FFF-51C82F19EAD1}.Release|Any CPU.ActiveCfg = Release|Any CPU
		{6E91F9E5-A3FA-4029-8FFF-51C82F19EAD1}.Release|Any CPU.Build.0 = Release|Any CPU
		{6E91F9E5-A3FA-4029-8FFF-51C82F19EAD1}.Release|x64.ActiveCfg = Release|x64
		{6E91F9E5-A3FA-4029-8FFF-51C82F19EAD1}.Release|x64.Build.0 = Release|x64
		{6E91F9E5-A3FA-4029-8FFF-51C82F19EAD1}.Release|x86.ActiveCfg = Release|x86
		{6E91F9E5-A3FA-4029-8FFF-51C82F19EAD1}.Release|x86.Build.0 = Release|x86
		{7AD9DA80-AFB9-43EA-BDF2-9B75C47DC2CC}.Debug|Any CPU.ActiveCfg = Debug|Any CPU
		{7AD9DA80-AFB9-43EA-BDF2-9B75C47DC2CC}.Debug|Any CPU.Build.0 = Debug|Any CPU
		{7AD9DA80-AFB9-43EA-BDF2-9B75C47DC2CC}.Debug|x64.ActiveCfg = Debug|x64
		{7AD9DA80-AFB9-43EA-BDF2-9B75C47DC2CC}.Debug|x64.Build.0 = Debug|x64
		{7AD9DA80-AFB9-43EA-BDF2-9B75C47DC2CC}.Debug|x86.ActiveCfg = Debug|x86
		{7AD9DA80-AFB9-43EA-BDF2-9B75C47DC2CC}.Debug|x86.Build.0 = Debug|x86
		{7AD9DA80-AFB9-43EA-BDF2-9B75C47DC2CC}.Release|Any CPU.ActiveCfg = Release|Any CPU
		{7AD9DA80-AFB9-43EA-BDF2-9B75C47DC2CC}.Release|Any CPU.Build.0 = Release|Any CPU
		{7AD9DA80-AFB9-43EA-BDF2-9B75C47DC2CC}.Release|x64.ActiveCfg = Release|x64
		{7AD9DA80-AFB9-43EA-BDF2-9B75C47DC2CC}.Release|x64.Build.0 = Release|x64
		{7AD9DA80-AFB9-43EA-BDF2-9B75C47DC2CC}.Release|x86.ActiveCfg = Release|x86
		{7AD9DA80-AFB9-43EA-BDF2-9B75C47DC2CC}.Release|x86.Build.0 = Release|x86
		{812985DA-DD71-4DDD-8904-CFE5DA2C70A4}.Debug|Any CPU.ActiveCfg = Debug|Any CPU
		{812985DA-DD71-4DDD-8904-CFE5DA2C70A4}.Debug|Any CPU.Build.0 = Debug|Any CPU
		{812985DA-DD71-4DDD-8904-CFE5DA2C70A4}.Debug|x64.ActiveCfg = Debug|x64
		{812985DA-DD71-4DDD-8904-CFE5DA2C70A4}.Debug|x64.Build.0 = Debug|x64
		{812985DA-DD71-4DDD-8904-CFE5DA2C70A4}.Debug|x86.ActiveCfg = Debug|x86
		{812985DA-DD71-4DDD-8904-CFE5DA2C70A4}.Debug|x86.Build.0 = Debug|x86
		{812985DA-DD71-4DDD-8904-CFE5DA2C70A4}.Release|Any CPU.ActiveCfg = Release|Any CPU
		{812985DA-DD71-4DDD-8904-CFE5DA2C70A4}.Release|Any CPU.Build.0 = Release|Any CPU
		{812985DA-DD71-4DDD-8904-CFE5DA2C70A4}.Release|x64.ActiveCfg = Release|x64
		{812985DA-DD71-4DDD-8904-CFE5DA2C70A4}.Release|x64.Build.0 = Release|x64
		{812985DA-DD71-4DDD-8904-CFE5DA2C70A4}.Release|x86.ActiveCfg = Release|x86
		{812985DA-DD71-4DDD-8904-CFE5DA2C70A4}.Release|x86.Build.0 = Release|x86
		{E461BCC8-E354-45A4-BF24-2D68072B456F}.Debug|Any CPU.ActiveCfg = Debug|Any CPU
		{E461BCC8-E354-45A4-BF24-2D68072B456F}.Debug|Any CPU.Build.0 = Debug|Any CPU
		{E461BCC8-E354-45A4-BF24-2D68072B456F}.Debug|x64.ActiveCfg = Debug|x64
		{E461BCC8-E354-45A4-BF24-2D68072B456F}.Debug|x64.Build.0 = Debug|x64
		{E461BCC8-E354-45A4-BF24-2D68072B456F}.Debug|x86.ActiveCfg = Debug|x86
		{E461BCC8-E354-45A4-BF24-2D68072B456F}.Debug|x86.Build.0 = Debug|x86
		{E461BCC8-E354-45A4-BF24-2D68072B456F}.Release|Any CPU.ActiveCfg = Release|Any CPU
		{E461BCC8-E354-45A4-BF24-2D68072B456F}.Release|Any CPU.Build.0 = Release|Any CPU
		{E461BCC8-E354-45A4-BF24-2D68072B456F}.Release|x64.ActiveCfg = Release|x64
		{E461BCC8-E354-45A4-BF24-2D68072B456F}.Release|x64.Build.0 = Release|x64
		{E461BCC8-E354-45A4-BF24-2D68072B456F}.Release|x86.ActiveCfg = Release|x86
		{E461BCC8-E354-45A4-BF24-2D68072B456F}.Release|x86.Build.0 = Release|x86
		{9F331C5E-00B9-4328-8CE0-28510DE1334C}.Debug|Any CPU.ActiveCfg = Debug|Any CPU
		{9F331C5E-00B9-4328-8CE0-28510DE1334C}.Debug|x64.ActiveCfg = Debug|x64
		{9F331C5E-00B9-4328-8CE0-28510DE1334C}.Debug|x86.ActiveCfg = Debug|x86
		{9F331C5E-00B9-4328-8CE0-28510DE1334C}.Release|Any CPU.ActiveCfg = Release|Any CPU
		{9F331C5E-00B9-4328-8CE0-28510DE1334C}.Release|x64.ActiveCfg = Release|x64
		{9F331C5E-00B9-4328-8CE0-28510DE1334C}.Release|x86.ActiveCfg = Release|x86
		{42B86C05-95B0-4277-9A77-A830504DC624}.Debug|Any CPU.ActiveCfg = Debug|Any CPU
		{42B86C05-95B0-4277-9A77-A830504DC624}.Debug|Any CPU.Build.0 = Debug|Any CPU
		{42B86C05-95B0-4277-9A77-A830504DC624}.Debug|x64.ActiveCfg = Debug|x64
		{42B86C05-95B0-4277-9A77-A830504DC624}.Debug|x64.Build.0 = Debug|x64
		{42B86C05-95B0-4277-9A77-A830504DC624}.Debug|x86.ActiveCfg = Debug|x86
		{42B86C05-95B0-4277-9A77-A830504DC624}.Debug|x86.Build.0 = Debug|x86
		{42B86C05-95B0-4277-9A77-A830504DC624}.Release|Any CPU.ActiveCfg = Release|Any CPU
		{42B86C05-95B0-4277-9A77-A830504DC624}.Release|Any CPU.Build.0 = Release|Any CPU
		{42B86C05-95B0-4277-9A77-A830504DC624}.Release|x64.ActiveCfg = Release|x64
		{42B86C05-95B0-4277-9A77-A830504DC624}.Release|x64.Build.0 = Release|x64
		{42B86C05-95B0-4277-9A77-A830504DC624}.Release|x86.ActiveCfg = Release|x86
		{42B86C05-95B0-4277-9A77-A830504DC624}.Release|x86.Build.0 = Release|x86
		{4AD8E85E-EA8D-4813-9594-9B212E2EAFCA}.Debug|Any CPU.ActiveCfg = Debug|Any CPU
		{4AD8E85E-EA8D-4813-9594-9B212E2EAFCA}.Debug|Any CPU.Build.0 = Debug|Any CPU
		{4AD8E85E-EA8D-4813-9594-9B212E2EAFCA}.Debug|x64.ActiveCfg = Debug|x64
		{4AD8E85E-EA8D-4813-9594-9B212E2EAFCA}.Debug|x64.Build.0 = Debug|x64
		{4AD8E85E-EA8D-4813-9594-9B212E2EAFCA}.Debug|x86.ActiveCfg = Debug|x86
		{4AD8E85E-EA8D-4813-9594-9B212E2EAFCA}.Debug|x86.Build.0 = Debug|x86
		{4AD8E85E-EA8D-4813-9594-9B212E2EAFCA}.Release|Any CPU.ActiveCfg = Release|Any CPU
		{4AD8E85E-EA8D-4813-9594-9B212E2EAFCA}.Release|Any CPU.Build.0 = Release|Any CPU
		{4AD8E85E-EA8D-4813-9594-9B212E2EAFCA}.Release|x64.ActiveCfg = Release|x64
		{4AD8E85E-EA8D-4813-9594-9B212E2EAFCA}.Release|x64.Build.0 = Release|x64
		{4AD8E85E-EA8D-4813-9594-9B212E2EAFCA}.Release|x86.ActiveCfg = Release|x86
		{4AD8E85E-EA8D-4813-9594-9B212E2EAFCA}.Release|x86.Build.0 = Release|x86
		{C0227748-3363-43D5-8577-ADE08002F8E4}.Debug|Any CPU.ActiveCfg = Debug|Any CPU
		{C0227748-3363-43D5-8577-ADE08002F8E4}.Debug|Any CPU.Build.0 = Debug|Any CPU
		{C0227748-3363-43D5-8577-ADE08002F8E4}.Debug|x64.ActiveCfg = Debug|x64
		{C0227748-3363-43D5-8577-ADE08002F8E4}.Debug|x64.Build.0 = Debug|x64
		{C0227748-3363-43D5-8577-ADE08002F8E4}.Debug|x86.ActiveCfg = Debug|x86
		{C0227748-3363-43D5-8577-ADE08002F8E4}.Debug|x86.Build.0 = Debug|x86
		{C0227748-3363-43D5-8577-ADE08002F8E4}.Release|Any CPU.ActiveCfg = Release|Any CPU
		{C0227748-3363-43D5-8577-ADE08002F8E4}.Release|Any CPU.Build.0 = Release|Any CPU
		{C0227748-3363-43D5-8577-ADE08002F8E4}.Release|x64.ActiveCfg = Release|x64
		{C0227748-3363-43D5-8577-ADE08002F8E4}.Release|x64.Build.0 = Release|x64
		{C0227748-3363-43D5-8577-ADE08002F8E4}.Release|x86.ActiveCfg = Release|x86
		{C0227748-3363-43D5-8577-ADE08002F8E4}.Release|x86.Build.0 = Release|x86
		{994DF0E6-B479-4820-8BD6-D6143C81DDF7}.Debug|Any CPU.ActiveCfg = Debug|Any CPU
		{994DF0E6-B479-4820-8BD6-D6143C81DDF7}.Debug|Any CPU.Build.0 = Debug|Any CPU
		{994DF0E6-B479-4820-8BD6-D6143C81DDF7}.Debug|x64.ActiveCfg = Debug|Any CPU
		{994DF0E6-B479-4820-8BD6-D6143C81DDF7}.Debug|x64.Build.0 = Debug|Any CPU
		{994DF0E6-B479-4820-8BD6-D6143C81DDF7}.Debug|x86.ActiveCfg = Debug|x86
		{994DF0E6-B479-4820-8BD6-D6143C81DDF7}.Debug|x86.Build.0 = Debug|x86
		{994DF0E6-B479-4820-8BD6-D6143C81DDF7}.Release|Any CPU.ActiveCfg = Release|Any CPU
		{994DF0E6-B479-4820-8BD6-D6143C81DDF7}.Release|Any CPU.Build.0 = Release|Any CPU
		{994DF0E6-B479-4820-8BD6-D6143C81DDF7}.Release|x64.ActiveCfg = Release|Any CPU
		{994DF0E6-B479-4820-8BD6-D6143C81DDF7}.Release|x64.Build.0 = Release|Any CPU
		{994DF0E6-B479-4820-8BD6-D6143C81DDF7}.Release|x86.ActiveCfg = Release|x86
		{994DF0E6-B479-4820-8BD6-D6143C81DDF7}.Release|x86.Build.0 = Release|x86
		{EF5C5387-2DFC-454D-9664-AFF95CDE37C4}.Debug|Any CPU.ActiveCfg = Debug|Any CPU
		{EF5C5387-2DFC-454D-9664-AFF95CDE37C4}.Debug|Any CPU.Build.0 = Debug|Any CPU
		{EF5C5387-2DFC-454D-9664-AFF95CDE37C4}.Debug|x64.ActiveCfg = Debug|x64
		{EF5C5387-2DFC-454D-9664-AFF95CDE37C4}.Debug|x64.Build.0 = Debug|x64
		{EF5C5387-2DFC-454D-9664-AFF95CDE37C4}.Debug|x86.ActiveCfg = Debug|x86
		{EF5C5387-2DFC-454D-9664-AFF95CDE37C4}.Debug|x86.Build.0 = Debug|x86
		{EF5C5387-2DFC-454D-9664-AFF95CDE37C4}.Release|Any CPU.ActiveCfg = Release|Any CPU
		{EF5C5387-2DFC-454D-9664-AFF95CDE37C4}.Release|Any CPU.Build.0 = Release|Any CPU
		{EF5C5387-2DFC-454D-9664-AFF95CDE37C4}.Release|x64.ActiveCfg = Release|x64
		{EF5C5387-2DFC-454D-9664-AFF95CDE37C4}.Release|x64.Build.0 = Release|x64
		{EF5C5387-2DFC-454D-9664-AFF95CDE37C4}.Release|x86.ActiveCfg = Release|x86
		{EF5C5387-2DFC-454D-9664-AFF95CDE37C4}.Release|x86.Build.0 = Release|x86
		{98E88A55-DAAC-4A09-B39A-9C0167976AD5}.Debug|Any CPU.ActiveCfg = Debug|Any CPU
		{98E88A55-DAAC-4A09-B39A-9C0167976AD5}.Debug|Any CPU.Build.0 = Debug|Any CPU
		{98E88A55-DAAC-4A09-B39A-9C0167976AD5}.Debug|x64.ActiveCfg = Debug|Any CPU
		{98E88A55-DAAC-4A09-B39A-9C0167976AD5}.Debug|x64.Build.0 = Debug|Any CPU
		{98E88A55-DAAC-4A09-B39A-9C0167976AD5}.Debug|x86.ActiveCfg = Debug|Any CPU
		{98E88A55-DAAC-4A09-B39A-9C0167976AD5}.Debug|x86.Build.0 = Debug|Any CPU
		{98E88A55-DAAC-4A09-B39A-9C0167976AD5}.Release|Any CPU.ActiveCfg = Release|Any CPU
		{98E88A55-DAAC-4A09-B39A-9C0167976AD5}.Release|Any CPU.Build.0 = Release|Any CPU
		{98E88A55-DAAC-4A09-B39A-9C0167976AD5}.Release|x64.ActiveCfg = Release|Any CPU
		{98E88A55-DAAC-4A09-B39A-9C0167976AD5}.Release|x64.Build.0 = Release|Any CPU
		{98E88A55-DAAC-4A09-B39A-9C0167976AD5}.Release|x86.ActiveCfg = Release|Any CPU
		{98E88A55-DAAC-4A09-B39A-9C0167976AD5}.Release|x86.Build.0 = Release|Any CPU
		{E4EAA4DA-8DE8-41E3-BAFF-B516E9789D34}.Debug|Any CPU.ActiveCfg = Debug|Any CPU
		{E4EAA4DA-8DE8-41E3-BAFF-B516E9789D34}.Debug|Any CPU.Build.0 = Debug|Any CPU
		{E4EAA4DA-8DE8-41E3-BAFF-B516E9789D34}.Debug|x64.ActiveCfg = Debug|Any CPU
		{E4EAA4DA-8DE8-41E3-BAFF-B516E9789D34}.Debug|x64.Build.0 = Debug|Any CPU
		{E4EAA4DA-8DE8-41E3-BAFF-B516E9789D34}.Debug|x86.ActiveCfg = Debug|Any CPU
		{E4EAA4DA-8DE8-41E3-BAFF-B516E9789D34}.Debug|x86.Build.0 = Debug|Any CPU
		{E4EAA4DA-8DE8-41E3-BAFF-B516E9789D34}.Release|Any CPU.ActiveCfg = Release|Any CPU
		{E4EAA4DA-8DE8-41E3-BAFF-B516E9789D34}.Release|Any CPU.Build.0 = Release|Any CPU
		{E4EAA4DA-8DE8-41E3-BAFF-B516E9789D34}.Release|x64.ActiveCfg = Release|Any CPU
		{E4EAA4DA-8DE8-41E3-BAFF-B516E9789D34}.Release|x64.Build.0 = Release|Any CPU
		{E4EAA4DA-8DE8-41E3-BAFF-B516E9789D34}.Release|x86.ActiveCfg = Release|Any CPU
		{E4EAA4DA-8DE8-41E3-BAFF-B516E9789D34}.Release|x86.Build.0 = Release|Any CPU
	EndGlobalSection
	GlobalSection(SolutionProperties) = preSolution
		HideSolutionNode = FALSE
	EndGlobalSection
	GlobalSection(ExtensibilityGlobals) = postSolution
		SolutionGuid = {C4E4C982-0703-4D14-A8FB-BA15ABE5975F}
	EndGlobalSection
EndGlobal
